PODS:
  - AFNetworking (3.2.1):
    - AFNetworking/NSURLSession (= 3.2.1)
    - AFNetworking/Reachability (= 3.2.1)
    - AFNetworking/Security (= 3.2.1)
    - AFNetworking/Serialization (= 3.2.1)
    - AFNetworking/UIKit (= 3.2.1)
  - AFNetworking/NSURLSession (3.2.1):
    - AFNetworking/Reachability
    - AFNetworking/Security
    - AFNetworking/Serialization
  - AFNetworking/Reachability (3.2.1)
  - AFNetworking/Security (3.2.1)
  - AFNetworking/Serialization (3.2.1)
  - AFNetworking/UIKit (3.2.1):
    - AFNetworking/NSURLSession
  - Aspects (1.4.1)
  - BlocksKit (2.2.5):
    - BlocksKit/All (= 2.2.5)
  - BlocksKit/All (2.2.5):
    - BlocksKit/Core
    - BlocksKit/DynamicDelegate
    - BlocksKit/MessageUI
    - BlocksKit/UIKit
  - BlocksKit/Core (2.2.5)
  - BlocksKit/DynamicDelegate (2.2.5)
  - BlocksKit/MessageUI (2.2.5):
    - BlocksKit/Core
    - BlocksKit/DynamicDelegate
  - BlocksKit/UIKit (2.2.5):
    - BlocksKit/Core
    - BlocksKit/DynamicDelegate
  - IQKeyboardManager (6.0.2)
  - iRate (1.10.3)
  - JCore (1.1.9)
  - JPush (3.0.9):
    - JCore (~> 1.1.7)
  - Masonry (1.1.0)
  - MJExtension (3.0.13)
  - MJRefresh (3.1.15.3)
  - PGDatePicker (2.4.4):
    - PGPickerView
  - PGPickerView (1.2.6)
  - SDCycleScrollView (1.75):
    - SDWebImage (>= 4.0.0)
  - SDWebImage (4.3.3):
    - SDWebImage/Core (= 4.3.3)
  - SDWebImage/Core (4.3.3)
  - SVProgressHUD (2.2.5)
  - WechatOpenSDK (1.8.2)
  - YYCache (1.0.4)

DEPENDENCIES:
  - AFNetworking
  - Aspects
  - BlocksKit (= 2.2.5)
  - IQKeyboardManager
  - iRate (~> 1.10.3)
  - JPush
  - Masonry
  - MJExtension
  - MJRefresh
  - PGDatePicker
  - SDCycleScrollView
  - SDWebImage
  - SVProgressHUD
  - WechatOpenSDK
  - YYCache

SPEC REPOS:
  https://github.com/CocoaPods/Specs.git:
    - AFNetworking
    - Aspects
    - BlocksKit
    - IQKeyboardManager
    - iRate
    - JCore
    - JPush
    - Masonry
    - MJExtension
    - MJRefresh
    - PGDatePicker
    - PGPickerView
    - SDCycleScrollView
    - SDWebImage
    - SVProgressHUD
    - WechatOpenSDK
    - YYCache

SPEC CHECKSUMS:
  AFNetworking: b6f891fdfaed196b46c7a83cf209e09697b94057
  Aspects: 7595ba96a6727a58ebcbfc954497fc5d2fdde546
  BlocksKit: 7f422b971407001178d181a43b99014ea2591fe6
  IQKeyboardManager: c49d59e358aeeffaa0280aa305093c2b194d2607
  iRate: 724a3e080d5b0681e50a57d6cef1a81f83c23df3
  JCore: 27598485098d0db99d2812cba048003457d08cfb
  JPush: 003d9eaef8ba2df76de32573d0c8aa62b92b3c82
  Masonry: 678fab65091a9290e40e2832a55e7ab731aad201
  MJExtension: 5932755f451458eefa24239358817f8d291240c7
  MJRefresh: b48380ae2b927b46c4ef000de9adb8dc748e1df7
  PGDatePicker: abe5103a83ce1f99e588308f8e39ae0b65d7c162
  PGPickerView: 8fbbf63d0404065a43a495a0115d339455e0f819
  SDCycleScrollView: 884b88f0266dd4708a0e1934975c69cb971707b1
  SDWebImage: de4d90b5bff3571eae7bd16202b1f43135409fa5
  SVProgressHUD: 1428aafac632c1f86f62aa4243ec12008d7a51d6
  WechatOpenSDK: 676feec516a11173eafd1fe64b10d27babf28701
  YYCache: 8105b6638f5e849296c71f331ff83891a4942952

PODFILE CHECKSUM: b95c69c778bea811941f7604a9c0a465deeabbbf

COCOAPODS: 1.5.0
