// !$*UTF8*$!
{
	archiveVersion = 1;
	classes = {
	};
	objectVersion = 50;
	objects = {

/* Begin PBXBuildFile section */
		1205BBF220BBA96600032F3C /* AppDelegate.m in Sources */ = {isa = PBXBuildFile; fileRef = 1205BBF120BBA96600032F3C /* AppDelegate.m */; };
		1205BBF520BBA96600032F3C /* ViewController.m in Sources */ = {isa = PBXBuildFile; fileRef = 1205BBF420BBA96600032F3C /* ViewController.m */; };
		1205BBF820BBA96600032F3C /* Main.storyboard in Resources */ = {isa = PBXBuildFile; fileRef = 1205BBF620BBA96600032F3C /* Main.storyboard */; };
		1205BBFA20BBA96900032F3C /* Assets.xcassets in Resources */ = {isa = PBXBuildFile; fileRef = 1205BBF920BBA96900032F3C /* Assets.xcassets */; };
		1205BBFD20BBA96900032F3C /* LaunchScreen.storyboard in Resources */ = {isa = PBXBuildFile; fileRef = 1205BBFB20BBA96900032F3C /* LaunchScreen.storyboard */; };
		1205BC0020BBA96900032F3C /* main.m in Sources */ = {isa = PBXBuildFile; fileRef = 1205BBFF20BBA96900032F3C /* main.m */; };
		1205BC0A20BBA96A00032F3C /* haoQuanLianMengTests.m in Sources */ = {isa = PBXBuildFile; fileRef = 1205BC0920BBA96A00032F3C /* haoQuanLianMengTests.m */; };
		1205BC1520BBA96A00032F3C /* haoQuanLianMengUITests.m in Sources */ = {isa = PBXBuildFile; fileRef = 1205BC1420BBA96A00032F3C /* haoQuanLianMengUITests.m */; };
		130E5F3BD03683754BB3E7F6 /* libPods-haoQuanLianMengTests.a in Frameworks */ = {isa = PBXBuildFile; fileRef = D7FD69868A9687DC3A3DFF14 /* libPods-haoQuanLianMengTests.a */; };
		57D35B5820C31CE537244A24 /* libPods-haoQuanLianMengUITests.a in Frameworks */ = {isa = PBXBuildFile; fileRef = 8DE23F7F3DE706762C8319FB /* libPods-haoQuanLianMengUITests.a */; };
		E86F392991485C8CD57942DE /* libPods-haoQuanLianMeng.a in Frameworks */ = {isa = PBXBuildFile; fileRef = 84AB067DC668220566B37977 /* libPods-haoQuanLianMeng.a */; };
/* End PBXBuildFile section */

/* Begin PBXContainerItemProxy section */
		1205BC0620BBA96A00032F3C /* PBXContainerItemProxy */ = {
			isa = PBXContainerItemProxy;
			containerPortal = 1205BBE520BBA96600032F3C /* Project object */;
			proxyType = 1;
			remoteGlobalIDString = 1205BBEC20BBA96600032F3C;
			remoteInfo = haoQuanLianMeng;
		};
		1205BC1120BBA96A00032F3C /* PBXContainerItemProxy */ = {
			isa = PBXContainerItemProxy;
			containerPortal = 1205BBE520BBA96600032F3C /* Project object */;
			proxyType = 1;
			remoteGlobalIDString = 1205BBEC20BBA96600032F3C;
			remoteInfo = haoQuanLianMeng;
		};
/* End PBXContainerItemProxy section */

/* Begin PBXFileReference section */
		0FC5BEC33109AC889A2FB178 /* Pods-haoQuanLianMengUITests.release.xcconfig */ = {isa = PBXFileReference; includeInIndex = 1; lastKnownFileType = text.xcconfig; name = "Pods-haoQuanLianMengUITests.release.xcconfig"; path = "Pods/Target Support Files/Pods-haoQuanLianMengUITests/Pods-haoQuanLianMengUITests.release.xcconfig"; sourceTree = "<group>"; };
		1205BBED20BBA96600032F3C /* haoQuanLianMeng.app */ = {isa = PBXFileReference; explicitFileType = wrapper.application; includeInIndex = 0; path = haoQuanLianMeng.app; sourceTree = BUILT_PRODUCTS_DIR; };
		1205BBF020BBA96600032F3C /* AppDelegate.h */ = {isa = PBXFileReference; lastKnownFileType = sourcecode.c.h; path = AppDelegate.h; sourceTree = "<group>"; };
		1205BBF120BBA96600032F3C /* AppDelegate.m */ = {isa = PBXFileReference; lastKnownFileType = sourcecode.c.objc; path = AppDelegate.m; sourceTree = "<group>"; };
		1205BBF320BBA96600032F3C /* ViewController.h */ = {isa = PBXFileReference; lastKnownFileType = sourcecode.c.h; path = ViewController.h; sourceTree = "<group>"; };
		1205BBF420BBA96600032F3C /* ViewController.m */ = {isa = PBXFileReference; lastKnownFileType = sourcecode.c.objc; path = ViewController.m; sourceTree = "<group>"; };
		1205BBF720BBA96600032F3C /* Base */ = {isa = PBXFileReference; lastKnownFileType = file.storyboard; name = Base; path = Base.lproj/Main.storyboard; sourceTree = "<group>"; };
		1205BBF920BBA96900032F3C /* Assets.xcassets */ = {isa = PBXFileReference; lastKnownFileType = folder.assetcatalog; path = Assets.xcassets; sourceTree = "<group>"; };
		1205BBFC20BBA96900032F3C /* Base */ = {isa = PBXFileReference; lastKnownFileType = file.storyboard; name = Base; path = Base.lproj/LaunchScreen.storyboard; sourceTree = "<group>"; };
		1205BBFE20BBA96900032F3C /* Info.plist */ = {isa = PBXFileReference; lastKnownFileType = text.plist.xml; path = Info.plist; sourceTree = "<group>"; };
		1205BBFF20BBA96900032F3C /* main.m */ = {isa = PBXFileReference; lastKnownFileType = sourcecode.c.objc; path = main.m; sourceTree = "<group>"; };
		1205BC0520BBA96A00032F3C /* haoQuanLianMengTests.xctest */ = {isa = PBXFileReference; explicitFileType = wrapper.cfbundle; includeInIndex = 0; path = haoQuanLianMengTests.xctest; sourceTree = BUILT_PRODUCTS_DIR; };
		1205BC0920BBA96A00032F3C /* haoQuanLianMengTests.m */ = {isa = PBXFileReference; lastKnownFileType = sourcecode.c.objc; path = haoQuanLianMengTests.m; sourceTree = "<group>"; };
		1205BC0B20BBA96A00032F3C /* Info.plist */ = {isa = PBXFileReference; lastKnownFileType = text.plist.xml; path = Info.plist; sourceTree = "<group>"; };
		1205BC1020BBA96A00032F3C /* haoQuanLianMengUITests.xctest */ = {isa = PBXFileReference; explicitFileType = wrapper.cfbundle; includeInIndex = 0; path = haoQuanLianMengUITests.xctest; sourceTree = BUILT_PRODUCTS_DIR; };
		1205BC1420BBA96A00032F3C /* haoQuanLianMengUITests.m */ = {isa = PBXFileReference; lastKnownFileType = sourcecode.c.objc; path = haoQuanLianMengUITests.m; sourceTree = "<group>"; };
		1205BC1620BBA96A00032F3C /* Info.plist */ = {isa = PBXFileReference; lastKnownFileType = text.plist.xml; path = Info.plist; sourceTree = "<group>"; };
		1205BC2520BBCFC600032F3C /* haoQuanLianMeng.pch */ = {isa = PBXFileReference; lastKnownFileType = sourcecode.c.h; path = haoQuanLianMeng.pch; sourceTree = "<group>"; };
		24AF3FAF7288201E5D624048 /* Pods-haoQuanLianMeng.debug.xcconfig */ = {isa = PBXFileReference; includeInIndex = 1; lastKnownFileType = text.xcconfig; name = "Pods-haoQuanLianMeng.debug.xcconfig"; path = "Pods/Target Support Files/Pods-haoQuanLianMeng/Pods-haoQuanLianMeng.debug.xcconfig"; sourceTree = "<group>"; };
		4CFE66B6BBE5394E777F8A18 /* Pods-haoQuanLianMengUITests.debug.xcconfig */ = {isa = PBXFileReference; includeInIndex = 1; lastKnownFileType = text.xcconfig; name = "Pods-haoQuanLianMengUITests.debug.xcconfig"; path = "Pods/Target Support Files/Pods-haoQuanLianMengUITests/Pods-haoQuanLianMengUITests.debug.xcconfig"; sourceTree = "<group>"; };
		84AB067DC668220566B37977 /* libPods-haoQuanLianMeng.a */ = {isa = PBXFileReference; explicitFileType = archive.ar; includeInIndex = 0; path = "libPods-haoQuanLianMeng.a"; sourceTree = BUILT_PRODUCTS_DIR; };
		86AA0DB34B132FB1965D400F /* Pods-haoQuanLianMengTests.debug.xcconfig */ = {isa = PBXFileReference; includeInIndex = 1; lastKnownFileType = text.xcconfig; name = "Pods-haoQuanLianMengTests.debug.xcconfig"; path = "Pods/Target Support Files/Pods-haoQuanLianMengTests/Pods-haoQuanLianMengTests.debug.xcconfig"; sourceTree = "<group>"; };
		8DE23F7F3DE706762C8319FB /* libPods-haoQuanLianMengUITests.a */ = {isa = PBXFileReference; explicitFileType = archive.ar; includeInIndex = 0; path = "libPods-haoQuanLianMengUITests.a"; sourceTree = BUILT_PRODUCTS_DIR; };
		A4D242A19BFFE87DB9993141 /* Pods-haoQuanLianMeng.release.xcconfig */ = {isa = PBXFileReference; includeInIndex = 1; lastKnownFileType = text.xcconfig; name = "Pods-haoQuanLianMeng.release.xcconfig"; path = "Pods/Target Support Files/Pods-haoQuanLianMeng/Pods-haoQuanLianMeng.release.xcconfig"; sourceTree = "<group>"; };
		D7FD69868A9687DC3A3DFF14 /* libPods-haoQuanLianMengTests.a */ = {isa = PBXFileReference; explicitFileType = archive.ar; includeInIndex = 0; path = "libPods-haoQuanLianMengTests.a"; sourceTree = BUILT_PRODUCTS_DIR; };
		E97E916367BDE2CD9284264B /* Pods-haoQuanLianMengTests.release.xcconfig */ = {isa = PBXFileReference; includeInIndex = 1; lastKnownFileType = text.xcconfig; name = "Pods-haoQuanLianMengTests.release.xcconfig"; path = "Pods/Target Support Files/Pods-haoQuanLianMengTests/Pods-haoQuanLianMengTests.release.xcconfig"; sourceTree = "<group>"; };
/* End PBXFileReference section */

/* Begin PBXFrameworksBuildPhase section */
		1205BBEA20BBA96600032F3C /* Frameworks */ = {
			isa = PBXFrameworksBuildPhase;
			buildActionMask = 2147483647;
			files = (
				E86F392991485C8CD57942DE /* libPods-haoQuanLianMeng.a in Frameworks */,
			);
			runOnlyForDeploymentPostprocessing = 0;
		};
		1205BC0220BBA96A00032F3C /* Frameworks */ = {
			isa = PBXFrameworksBuildPhase;
			buildActionMask = 2147483647;
			files = (
				130E5F3BD03683754BB3E7F6 /* libPods-haoQuanLianMengTests.a in Frameworks */,
			);
			runOnlyForDeploymentPostprocessing = 0;
		};
		1205BC0D20BBA96A00032F3C /* Frameworks */ = {
			isa = PBXFrameworksBuildPhase;
			buildActionMask = 2147483647;
			files = (
				57D35B5820C31CE537244A24 /* libPods-haoQuanLianMengUITests.a in Frameworks */,
			);
			runOnlyForDeploymentPostprocessing = 0;
		};
/* End PBXFrameworksBuildPhase section */

/* Begin PBXGroup section */
		1205BBE420BBA96600032F3C = {
			isa = PBXGroup;
			children = (
				1205BBEF20BBA96600032F3C /* haoQuanLianMeng */,
				1205BC0820BBA96A00032F3C /* haoQuanLianMengTests */,
				1205BC1320BBA96A00032F3C /* haoQuanLianMengUITests */,
				1205BBEE20BBA96600032F3C /* Products */,
				9349043D5ED802D82DE131C5 /* Pods */,
				78193B13D0BCF5F2F1F47083 /* Frameworks */,
			);
			sourceTree = "<group>";
		};
		1205BBEE20BBA96600032F3C /* Products */ = {
			isa = PBXGroup;
			children = (
				1205BBED20BBA96600032F3C /* haoQuanLianMeng.app */,
				1205BC0520BBA96A00032F3C /* haoQuanLianMengTests.xctest */,
				1205BC1020BBA96A00032F3C /* haoQuanLianMengUITests.xctest */,
			);
			name = Products;
			sourceTree = "<group>";
		};
		1205BBEF20BBA96600032F3C /* haoQuanLianMeng */ = {
			isa = PBXGroup;
			children = (
				1205BC2220BBCDC500032F3C /* classes */,
				1205BBF920BBA96900032F3C /* Assets.xcassets */,
				1205BBFB20BBA96900032F3C /* LaunchScreen.storyboard */,
				1205BBFE20BBA96900032F3C /* Info.plist */,
				1205BBFF20BBA96900032F3C /* main.m */,
			);
			path = haoQuanLianMeng;
			sourceTree = "<group>";
		};
		1205BC0820BBA96A00032F3C /* haoQuanLianMengTests */ = {
			isa = PBXGroup;
			children = (
				1205BC0920BBA96A00032F3C /* haoQuanLianMengTests.m */,
				1205BC0B20BBA96A00032F3C /* Info.plist */,
			);
			path = haoQuanLianMengTests;
			sourceTree = "<group>";
		};
		1205BC1320BBA96A00032F3C /* haoQuanLianMengUITests */ = {
			isa = PBXGroup;
			children = (
				1205BC1420BBA96A00032F3C /* haoQuanLianMengUITests.m */,
				1205BC1620BBA96A00032F3C /* Info.plist */,
			);
			path = haoQuanLianMengUITests;
			sourceTree = "<group>";
		};
		1205BC2220BBCDC500032F3C /* classes */ = {
			isa = PBXGroup;
			children = (
				1205BC2420BBCFA900032F3C /* other */,
				1205BC2320BBCDD900032F3C /* main */,
			);
			path = classes;
			sourceTree = "<group>";
		};
		1205BC2320BBCDD900032F3C /* main */ = {
			isa = PBXGroup;
			children = (
				1205BBF320BBA96600032F3C /* ViewController.h */,
				1205BBF420BBA96600032F3C /* ViewController.m */,
				1205BBF620BBA96600032F3C /* Main.storyboard */,
				1205BBF020BBA96600032F3C /* AppDelegate.h */,
				1205BBF120BBA96600032F3C /* AppDelegate.m */,
			);
			path = main;
			sourceTree = "<group>";
		};
		1205BC2420BBCFA900032F3C /* other */ = {
			isa = PBXGroup;
			children = (
				1205BC2520BBCFC600032F3C /* haoQuanLianMeng.pch */,
			);
			path = other;
			sourceTree = "<group>";
		};
		78193B13D0BCF5F2F1F47083 /* Frameworks */ = {
			isa = PBXGroup;
			children = (
				84AB067DC668220566B37977 /* libPods-haoQuanLianMeng.a */,
				D7FD69868A9687DC3A3DFF14 /* libPods-haoQuanLianMengTests.a */,
				8DE23F7F3DE706762C8319FB /* libPods-haoQuanLianMengUITests.a */,
			);
			name = Frameworks;
			sourceTree = "<group>";
		};
		9349043D5ED802D82DE131C5 /* Pods */ = {
			isa = PBXGroup;
			children = (
				24AF3FAF7288201E5D624048 /* Pods-haoQuanLianMeng.debug.xcconfig */,
				A4D242A19BFFE87DB9993141 /* Pods-haoQuanLianMeng.release.xcconfig */,
				86AA0DB34B132FB1965D400F /* Pods-haoQuanLianMengTests.debug.xcconfig */,
				E97E916367BDE2CD9284264B /* Pods-haoQuanLianMengTests.release.xcconfig */,
				4CFE66B6BBE5394E777F8A18 /* Pods-haoQuanLianMengUITests.debug.xcconfig */,
				0FC5BEC33109AC889A2FB178 /* Pods-haoQuanLianMengUITests.release.xcconfig */,
			);
			name = Pods;
			sourceTree = "<group>";
		};
/* End PBXGroup section */

/* Begin PBXNativeTarget section */
		1205BBEC20BBA96600032F3C /* haoQuanLianMeng */ = {
			isa = PBXNativeTarget;
			buildConfigurationList = 1205BC1920BBA96A00032F3C /* Build configuration list for PBXNativeTarget "haoQuanLianMeng" */;
			buildPhases = (
				E93A3D1997A4BBD1BC1BFAF6 /* [CP] Check Pods Manifest.lock */,
				1205BBE920BBA96600032F3C /* Sources */,
				1205BBEA20BBA96600032F3C /* Frameworks */,
				1205BBEB20BBA96600032F3C /* Resources */,
				ED8454204FCD88A675F874B1 /* [CP] Copy Pods Resources */,
			);
			buildRules = (
			);
			dependencies = (
			);
			name = haoQuanLianMeng;
			productName = haoQuanLianMeng;
			productReference = 1205BBED20BBA96600032F3C /* haoQuanLianMeng.app */;
			productType = "com.apple.product-type.application";
		};
		1205BC0420BBA96A00032F3C /* haoQuanLianMengTests */ = {
			isa = PBXNativeTarget;
			buildConfigurationList = 1205BC1C20BBA96A00032F3C /* Build configuration list for PBXNativeTarget "haoQuanLianMengTests" */;
			buildPhases = (
				792B429AB5908E94F8BA84BD /* [CP] Check Pods Manifest.lock */,
				1205BC0120BBA96A00032F3C /* Sources */,
				1205BC0220BBA96A00032F3C /* Frameworks */,
				1205BC0320BBA96A00032F3C /* Resources */,
			);
			buildRules = (
			);
			dependencies = (
				1205BC0720BBA96A00032F3C /* PBXTargetDependency */,
			);
			name = haoQuanLianMengTests;
			productName = haoQuanLianMengTests;
			productReference = 1205BC0520BBA96A00032F3C /* haoQuanLianMengTests.xctest */;
			productType = "com.apple.product-type.bundle.unit-test";
		};
		1205BC0F20BBA96A00032F3C /* haoQuanLianMengUITests */ = {
			isa = PBXNativeTarget;
			buildConfigurationList = 1205BC1F20BBA96A00032F3C /* Build configuration list for PBXNativeTarget "haoQuanLianMengUITests" */;
			buildPhases = (
				DD9B1F98F70230320FE895F5 /* [CP] Check Pods Manifest.lock */,
				1205BC0C20BBA96A00032F3C /* Sources */,
				1205BC0D20BBA96A00032F3C /* Frameworks */,
				1205BC0E20BBA96A00032F3C /* Resources */,
			);
			buildRules = (
			);
			dependencies = (
				1205BC1220BBA96A00032F3C /* PBXTargetDependency */,
			);
			name = haoQuanLianMengUITests;
			productName = haoQuanLianMengUITests;
			productReference = 1205BC1020BBA96A00032F3C /* haoQuanLianMengUITests.xctest */;
			productType = "com.apple.product-type.bundle.ui-testing";
		};
/* End PBXNativeTarget section */

/* Begin PBXProject section */
		1205BBE520BBA96600032F3C /* Project object */ = {
			isa = PBXProject;
			attributes = {
				LastUpgradeCheck = 0930;
				ORGANIZATIONNAME = HT;
				TargetAttributes = {
					1205BBEC20BBA96600032F3C = {
						CreatedOnToolsVersion = 9.3.1;
					};
					1205BC0420BBA96A00032F3C = {
						CreatedOnToolsVersion = 9.3.1;
						TestTargetID = 1205BBEC20BBA96600032F3C;
					};
					1205BC0F20BBA96A00032F3C = {
						CreatedOnToolsVersion = 9.3.1;
						TestTargetID = 1205BBEC20BBA96600032F3C;
					};
				};
			};
			buildConfigurationList = 1205BBE820BBA96600032F3C /* Build configuration list for PBXProject "haoQuanLianMeng" */;
			compatibilityVersion = "Xcode 9.3";
			developmentRegion = en;
			hasScannedForEncodings = 0;
			knownRegions = (
				en,
				Base,
			);
			mainGroup = 1205BBE420BBA96600032F3C;
			productRefGroup = 1205BBEE20BBA96600032F3C /* Products */;
			projectDirPath = "";
			projectRoot = "";
			targets = (
				1205BBEC20BBA96600032F3C /* haoQuanLianMeng */,
				1205BC0420BBA96A00032F3C /* haoQuanLianMengTests */,
				1205BC0F20BBA96A00032F3C /* haoQuanLianMengUITests */,
			);
		};
/* End PBXProject section */

/* Begin PBXResourcesBuildPhase section */
		1205BBEB20BBA96600032F3C /* Resources */ = {
			isa = PBXResourcesBuildPhase;
			buildActionMask = 2147483647;
			files = (
				1205BBFD20BBA96900032F3C /* LaunchScreen.storyboard in Resources */,
				1205BBFA20BBA96900032F3C /* Assets.xcassets in Resources */,
				1205BBF820BBA96600032F3C /* Main.storyboard in Resources */,
			);
			runOnlyForDeploymentPostprocessing = 0;
		};
		1205BC0320BBA96A00032F3C /* Resources */ = {
			isa = PBXResourcesBuildPhase;
			buildActionMask = 2147483647;
			files = (
			);
			runOnlyForDeploymentPostprocessing = 0;
		};
		1205BC0E20BBA96A00032F3C /* Resources */ = {
			isa = PBXResourcesBuildPhase;
			buildActionMask = 2147483647;
			files = (
			);
			runOnlyForDeploymentPostprocessing = 0;
		};
/* End PBXResourcesBuildPhase section */

/* Begin PBXShellScriptBuildPhase section */
		792B429AB5908E94F8BA84BD /* [CP] Check Pods Manifest.lock */ = {
			isa = PBXShellScriptBuildPhase;
			buildActionMask = 2147483647;
			files = (
			);
			inputPaths = (
				"${PODS_PODFILE_DIR_PATH}/Podfile.lock",
				"${PODS_ROOT}/Manifest.lock",
			);
			name = "[CP] Check Pods Manifest.lock";
			outputPaths = (
				"$(DERIVED_FILE_DIR)/Pods-haoQuanLianMengTests-checkManifestLockResult.txt",
			);
			runOnlyForDeploymentPostprocessing = 0;
			shellPath = /bin/sh;
			shellScript = "diff \"${PODS_PODFILE_DIR_PATH}/Podfile.lock\" \"${PODS_ROOT}/Manifest.lock\" > /dev/null\nif [ $? != 0 ] ; then\n    # print error to STDERR\n    echo \"error: The sandbox is not in sync with the Podfile.lock. Run 'pod install' or update your CocoaPods installation.\" >&2\n    exit 1\nfi\n# This output is used by Xcode 'outputs' to avoid re-running this script phase.\necho \"SUCCESS\" > \"${SCRIPT_OUTPUT_FILE_0}\"\n";
			showEnvVarsInLog = 0;
		};
		DD9B1F98F70230320FE895F5 /* [CP] Check Pods Manifest.lock */ = {
			isa = PBXShellScriptBuildPhase;
			buildActionMask = 2147483647;
			files = (
			);
			inputPaths = (
				"${PODS_PODFILE_DIR_PATH}/Podfile.lock",
				"${PODS_ROOT}/Manifest.lock",
			);
			name = "[CP] Check Pods Manifest.lock";
			outputPaths = (
				"$(DERIVED_FILE_DIR)/Pods-haoQuanLianMengUITests-checkManifestLockResult.txt",
			);
			runOnlyForDeploymentPostprocessing = 0;
			shellPath = /bin/sh;
			shellScript = "diff \"${PODS_PODFILE_DIR_PATH}/Podfile.lock\" \"${PODS_ROOT}/Manifest.lock\" > /dev/null\nif [ $? != 0 ] ; then\n    # print error to STDERR\n    echo \"error: The sandbox is not in sync with the Podfile.lock. Run 'pod install' or update your CocoaPods installation.\" >&2\n    exit 1\nfi\n# This output is used by Xcode 'outputs' to avoid re-running this script phase.\necho \"SUCCESS\" > \"${SCRIPT_OUTPUT_FILE_0}\"\n";
			showEnvVarsInLog = 0;
		};
		E93A3D1997A4BBD1BC1BFAF6 /* [CP] Check Pods Manifest.lock */ = {
			isa = PBXShellScriptBuildPhase;
			buildActionMask = 2147483647;
			files = (
			);
			inputPaths = (
				"${PODS_PODFILE_DIR_PATH}/Podfile.lock",
				"${PODS_ROOT}/Manifest.lock",
			);
			name = "[CP] Check Pods Manifest.lock";
			outputPaths = (
				"$(DERIVED_FILE_DIR)/Pods-haoQuanLianMeng-checkManifestLockResult.txt",
			);
			runOnlyForDeploymentPostprocessing = 0;
			shellPath = /bin/sh;
			shellScript = "diff \"${PODS_PODFILE_DIR_PATH}/Podfile.lock\" \"${PODS_ROOT}/Manifest.lock\" > /dev/null\nif [ $? != 0 ] ; then\n    # print error to STDERR\n    echo \"error: The sandbox is not in sync with the Podfile.lock. Run 'pod install' or update your CocoaPods installation.\" >&2\n    exit 1\nfi\n# This output is used by Xcode 'outputs' to avoid re-running this script phase.\necho \"SUCCESS\" > \"${SCRIPT_OUTPUT_FILE_0}\"\n";
			showEnvVarsInLog = 0;
		};
		ED8454204FCD88A675F874B1 /* [CP] Copy Pods Resources */ = {
			isa = PBXShellScriptBuildPhase;
			buildActionMask = 2147483647;
			files = (
			);
			inputPaths = (
				"${SRCROOT}/Pods/Target Support Files/Pods-haoQuanLianMeng/Pods-haoQuanLianMeng-resources.sh",
				"${PODS_ROOT}/MJRefresh/MJRefresh/MJRefresh.bundle",
				"${PODS_ROOT}/iRate/iRate/iRate.bundle",
			);
			name = "[CP] Copy Pods Resources";
			outputPaths = (
				"${TARGET_BUILD_DIR}/${UNLOCALIZED_RESOURCES_FOLDER_PATH}/MJRefresh.bundle",
				"${TARGET_BUILD_DIR}/${UNLOCALIZED_RESOURCES_FOLDER_PATH}/iRate.bundle",
			);
			runOnlyForDeploymentPostprocessing = 0;
			shellPath = /bin/sh;
			shellScript = "\"${SRCROOT}/Pods/Target Support Files/Pods-haoQuanLianMeng/Pods-haoQuanLianMeng-resources.sh\"\n";
			showEnvVarsInLog = 0;
		};
/* End PBXShellScriptBuildPhase section */

/* Begin PBXSourcesBuildPhase section */
		1205BBE920BBA96600032F3C /* Sources */ = {
			isa = PBXSourcesBuildPhase;
			buildActionMask = 2147483647;
			files = (
				1205BBF520BBA96600032F3C /* ViewController.m in Sources */,
				1205BC0020BBA96900032F3C /* main.m in Sources */,
				1205BBF220BBA96600032F3C /* AppDelegate.m in Sources */,
			);
			runOnlyForDeploymentPostprocessing = 0;
		};
		1205BC0120BBA96A00032F3C /* Sources */ = {
			isa = PBXSourcesBuildPhase;
			buildActionMask = 2147483647;
			files = (
				1205BC0A20BBA96A00032F3C /* haoQuanLianMengTests.m in Sources */,
			);
			runOnlyForDeploymentPostprocessing = 0;
		};
		1205BC0C20BBA96A00032F3C /* Sources */ = {
			isa = PBXSourcesBuildPhase;
			buildActionMask = 2147483647;
			files = (
				1205BC1520BBA96A00032F3C /* haoQuanLianMengUITests.m in Sources */,
			);
			runOnlyForDeploymentPostprocessing = 0;
		};
/* End PBXSourcesBuildPhase section */

/* Begin PBXTargetDependency section */
		1205BC0720BBA96A00032F3C /* PBXTargetDependency */ = {
			isa = PBXTargetDependency;
			target = 1205BBEC20BBA96600032F3C /* haoQuanLianMeng */;
			targetProxy = 1205BC0620BBA96A00032F3C /* PBXContainerItemProxy */;
		};
		1205BC1220BBA96A00032F3C /* PBXTargetDependency */ = {
			isa = PBXTargetDependency;
			target = 1205BBEC20BBA96600032F3C /* haoQuanLianMeng */;
			targetProxy = 1205BC1120BBA96A00032F3C /* PBXContainerItemProxy */;
		};
/* End PBXTargetDependency section */

/* Begin PBXVariantGroup section */
		1205BBF620BBA96600032F3C /* Main.storyboard */ = {
			isa = PBXVariantGroup;
			children = (
				1205BBF720BBA96600032F3C /* Base */,
			);
			name = Main.storyboard;
			sourceTree = "<group>";
		};
		1205BBFB20BBA96900032F3C /* LaunchScreen.storyboard */ = {
			isa = PBXVariantGroup;
			children = (
				1205BBFC20BBA96900032F3C /* Base */,
			);
			name = LaunchScreen.storyboard;
			sourceTree = "<group>";
		};
/* End PBXVariantGroup section */

/* Begin XCBuildConfiguration section */
		1205BC1720BBA96A00032F3C /* Debug */ = {
			isa = XCBuildConfiguration;
			buildSettings = {
				ALWAYS_SEARCH_USER_PATHS = NO;
				CLANG_ANALYZER_NONNULL = YES;
				CLANG_ANALYZER_NUMBER_OBJECT_CONVERSION = YES_AGGRESSIVE;
				CLANG_CXX_LANGUAGE_STANDARD = "gnu++14";
				CLANG_CXX_LIBRARY = "libc++";
				CLANG_ENABLE_MODULES = YES;
				CLANG_ENABLE_OBJC_ARC = YES;
				CLANG_ENABLE_OBJC_WEAK = YES;
				CLANG_WARN_BLOCK_CAPTURE_AUTORELEASING = YES;
				CLANG_WARN_BOOL_CONVERSION = YES;
				CLANG_WARN_COMMA = YES;
				CLANG_WARN_CONSTANT_CONVERSION = YES;
				CLANG_WARN_DEPRECATED_OBJC_IMPLEMENTATIONS = YES;
				CLANG_WARN_DIRECT_OBJC_ISA_USAGE = YES_ERROR;
				CLANG_WARN_DOCUMENTATION_COMMENTS = YES;
				CLANG_WARN_EMPTY_BODY = YES;
				CLANG_WARN_ENUM_CONVERSION = YES;
				CLANG_WARN_INFINITE_RECURSION = YES;
				CLANG_WARN_INT_CONVERSION = YES;
				CLANG_WARN_NON_LITERAL_NULL_CONVERSION = YES;
				CLANG_WARN_OBJC_IMPLICIT_RETAIN_SELF = YES;
				CLANG_WARN_OBJC_LITERAL_CONVERSION = YES;
				CLANG_WARN_OBJC_ROOT_CLASS = YES_ERROR;
				CLANG_WARN_RANGE_LOOP_ANALYSIS = YES;
				CLANG_WARN_STRICT_PROTOTYPES = YES;
				CLANG_WARN_SUSPICIOUS_MOVE = YES;
				CLANG_WARN_UNGUARDED_AVAILABILITY = YES_AGGRESSIVE;
				CLANG_WARN_UNREACHABLE_CODE = YES;
				CLANG_WARN__DUPLICATE_METHOD_MATCH = YES;
				CODE_SIGN_IDENTITY = "iPhone Developer";
				COPY_PHASE_STRIP = NO;
				DEBUG_INFORMATION_FORMAT = dwarf;
				ENABLE_STRICT_OBJC_MSGSEND = YES;
				ENABLE_TESTABILITY = YES;
				GCC_C_LANGUAGE_STANDARD = gnu11;
				GCC_DYNAMIC_NO_PIC = NO;
				GCC_NO_COMMON_BLOCKS = YES;
				GCC_OPTIMIZATION_LEVEL = 0;
				GCC_PREPROCESSOR_DEFINITIONS = (
					"DEBUG=1",
					"$(inherited)",
				);
				GCC_WARN_64_TO_32_BIT_CONVERSION = YES;
				GCC_WARN_ABOUT_RETURN_TYPE = YES_ERROR;
				GCC_WARN_UNDECLARED_SELECTOR = YES;
				GCC_WARN_UNINITIALIZED_AUTOS = YES_AGGRESSIVE;
				GCC_WARN_UNUSED_FUNCTION = YES;
				GCC_WARN_UNUSED_VARIABLE = YES;
				IPHONEOS_DEPLOYMENT_TARGET = 11.3;
				MTL_ENABLE_DEBUG_INFO = YES;
				ONLY_ACTIVE_ARCH = YES;
				SDKROOT = iphoneos;
			};
			name = Debug;
		};
		1205BC1820BBA96A00032F3C /* Release */ = {
			isa = XCBuildConfiguration;
			buildSettings = {
				ALWAYS_SEARCH_USER_PATHS = NO;
				CLANG_ANALYZER_NONNULL = YES;
				CLANG_ANALYZER_NUMBER_OBJECT_CONVERSION = YES_AGGRESSIVE;
				CLANG_CXX_LANGUAGE_STANDARD = "gnu++14";
				CLANG_CXX_LIBRARY = "libc++";
				CLANG_ENABLE_MODULES = YES;
				CLANG_ENABLE_OBJC_ARC = YES;
				CLANG_ENABLE_OBJC_WEAK = YES;
				CLANG_WARN_BLOCK_CAPTURE_AUTORELEASING = YES;
				CLANG_WARN_BOOL_CONVERSION = YES;
				CLANG_WARN_COMMA = YES;
				CLANG_WARN_CONSTANT_CONVERSION = YES;
				CLANG_WARN_DEPRECATED_OBJC_IMPLEMENTATIONS = YES;
				CLANG_WARN_DIRECT_OBJC_ISA_USAGE = YES_ERROR;
				CLANG_WARN_DOCUMENTATION_COMMENTS = YES;
				CLANG_WARN_EMPTY_BODY = YES;
				CLANG_WARN_ENUM_CONVERSION = YES;
				CLANG_WARN_INFINITE_RECURSION = YES;
				CLANG_WARN_INT_CONVERSION = YES;
				CLANG_WARN_NON_LITERAL_NULL_CONVERSION = YES;
				CLANG_WARN_OBJC_IMPLICIT_RETAIN_SELF = YES;
				CLANG_WARN_OBJC_LITERAL_CONVERSION = YES;
				CLANG_WARN_OBJC_ROOT_CLASS = YES_ERROR;
				CLANG_WARN_RANGE_LOOP_ANALYSIS = YES;
				CLANG_WARN_STRICT_PROTOTYPES = YES;
				CLANG_WARN_SUSPICIOUS_MOVE = YES;
				CLANG_WARN_UNGUARDED_AVAILABILITY = YES_AGGRESSIVE;
				CLANG_WARN_UNREACHABLE_CODE = YES;
				CLANG_WARN__DUPLICATE_METHOD_MATCH = YES;
				CODE_SIGN_IDENTITY = "iPhone Developer";
				COPY_PHASE_STRIP = NO;
				DEBUG_INFORMATION_FORMAT = "dwarf-with-dsym";
				ENABLE_NS_ASSERTIONS = NO;
				ENABLE_STRICT_OBJC_MSGSEND = YES;
				GCC_C_LANGUAGE_STANDARD = gnu11;
				GCC_NO_COMMON_BLOCKS = YES;
				GCC_WARN_64_TO_32_BIT_CONVERSION = YES;
				GCC_WARN_ABOUT_RETURN_TYPE = YES_ERROR;
				GCC_WARN_UNDECLARED_SELECTOR = YES;
				GCC_WARN_UNINITIALIZED_AUTOS = YES_AGGRESSIVE;
				GCC_WARN_UNUSED_FUNCTION = YES;
				GCC_WARN_UNUSED_VARIABLE = YES;
				IPHONEOS_DEPLOYMENT_TARGET = 11.3;
				MTL_ENABLE_DEBUG_INFO = NO;
				SDKROOT = iphoneos;
				VALIDATE_PRODUCT = YES;
			};
			name = Release;
		};
		1205BC1A20BBA96A00032F3C /* Debug */ = {
			isa = XCBuildConfiguration;
			baseConfigurationReference = 24AF3FAF7288201E5D624048 /* Pods-haoQuanLianMeng.debug.xcconfig */;
			buildSettings = {
				ASSETCATALOG_COMPILER_APPICON_NAME = AppIcon;
				CODE_SIGN_STYLE = Automatic;
				DEVELOPMENT_TEAM = EBUKM38G9D;
				GCC_PRECOMPILE_PREFIX_HEADER = YES;
				GCC_PREFIX_HEADER = "$(SRCROOT)/haoQuanLianMeng/classes/other/haoQuanLianMeng.pch";
				INFOPLIST_FILE = haoQuanLianMeng/Info.plist;
				LD_RUNPATH_SEARCH_PATHS = (
					"$(inherited)",
					"@executable_path/Frameworks",
				);
				PRODUCT_BUNDLE_IDENTIFIER = com.ht.haoQuanLianMeng;
				PRODUCT_NAME = "$(TARGET_NAME)";
				TARGETED_DEVICE_FAMILY = "1,2";
			};
			name = Debug;
		};
		1205BC1B20BBA96A00032F3C /* Release */ = {
			isa = XCBuildConfiguration;
			baseConfigurationReference = A4D242A19BFFE87DB9993141 /* Pods-haoQuanLianMeng.release.xcconfig */;
			buildSettings = {
				ASSETCATALOG_COMPILER_APPICON_NAME = AppIcon;
				CODE_SIGN_STYLE = Automatic;
				DEVELOPMENT_TEAM = EBUKM38G9D;
				GCC_PRECOMPILE_PREFIX_HEADER = YES;
				GCC_PREFIX_HEADER = "$(SRCROOT)/haoQuanLianMeng/classes/other/haoQuanLianMeng.pch";
				INFOPLIST_FILE = haoQuanLianMeng/Info.plist;
				LD_RUNPATH_SEARCH_PATHS = (
					"$(inherited)",
					"@executable_path/Frameworks",
				);
				PRODUCT_BUNDLE_IDENTIFIER = com.ht.haoQuanLianMeng;
				PRODUCT_NAME = "$(TARGET_NAME)";
				TARGETED_DEVICE_FAMILY = "1,2";
			};
			name = Release;
		};
		1205BC1D20BBA96A00032F3C /* Debug */ = {
			isa = XCBuildConfiguration;
			baseConfigurationReference = 86AA0DB34B132FB1965D400F /* Pods-haoQuanLianMengTests.debug.xcconfig */;
			buildSettings = {
				BUNDLE_LOADER = "$(TEST_HOST)";
				CODE_SIGN_STYLE = Automatic;
				DEVELOPMENT_TEAM = EBUKM38G9D;
				INFOPLIST_FILE = haoQuanLianMengTests/Info.plist;
				LD_RUNPATH_SEARCH_PATHS = (
					"$(inherited)",
					"@executable_path/Frameworks",
					"@loader_path/Frameworks",
				);
				PRODUCT_BUNDLE_IDENTIFIER = com.ht.haoQuanLianMengTests;
				PRODUCT_NAME = "$(TARGET_NAME)";
				TARGETED_DEVICE_FAMILY = "1,2";
				TEST_HOST = "$(BUILT_PRODUCTS_DIR)/haoQuanLianMeng.app/haoQuanLianMeng";
			};
			name = Debug;
		};
		1205BC1E20BBA96A00032F3C /* Release */ = {
			isa = XCBuildConfiguration;
			baseConfigurationReference = E97E916367BDE2CD9284264B /* Pods-haoQuanLianMengTests.release.xcconfig */;
			buildSettings = {
				BUNDLE_LOADER = "$(TEST_HOST)";
				CODE_SIGN_STYLE = Automatic;
				DEVELOPMENT_TEAM = EBUKM38G9D;
				INFOPLIST_FILE = haoQuanLianMengTests/Info.plist;
				LD_RUNPATH_SEARCH_PATHS = (
					"$(inherited)",
					"@executable_path/Frameworks",
					"@loader_path/Frameworks",
				);
				PRODUCT_BUNDLE_IDENTIFIER = com.ht.haoQuanLianMengTests;
				PRODUCT_NAME = "$(TARGET_NAME)";
				TARGETED_DEVICE_FAMILY = "1,2";
				TEST_HOST = "$(BUILT_PRODUCTS_DIR)/haoQuanLianMeng.app/haoQuanLianMeng";
			};
			name = Release;
		};
		1205BC2020BBA96A00032F3C /* Debug */ = {
			isa = XCBuildConfiguration;
			baseConfigurationReference = 4CFE66B6BBE5394E777F8A18 /* Pods-haoQuanLianMengUITests.debug.xcconfig */;
			buildSettings = {
				CODE_SIGN_STYLE = Automatic;
				DEVELOPMENT_TEAM = EBUKM38G9D;
				INFOPLIST_FILE = haoQuanLianMengUITests/Info.plist;
				LD_RUNPATH_SEARCH_PATHS = (
					"$(inherited)",
					"@executable_path/Frameworks",
					"@loader_path/Frameworks",
				);
				PRODUCT_BUNDLE_IDENTIFIER = com.ht.haoQuanLianMengUITests;
				PRODUCT_NAME = "$(TARGET_NAME)";
				TARGETED_DEVICE_FAMILY = "1,2";
				TEST_TARGET_NAME = haoQuanLianMeng;
			};
			name = Debug;
		};
		1205BC2120BBA96A00032F3C /* Release */ = {
			isa = XCBuildConfiguration;
			baseConfigurationReference = 0FC5BEC33109AC889A2FB178 /* Pods-haoQuanLianMengUITests.release.xcconfig */;
			buildSettings = {
				CODE_SIGN_STYLE = Automatic;
				DEVELOPMENT_TEAM = EBUKM38G9D;
				INFOPLIST_FILE = haoQuanLianMengUITests/Info.plist;
				LD_RUNPATH_SEARCH_PATHS = (
					"$(inherited)",
					"@executable_path/Frameworks",
					"@loader_path/Frameworks",
				);
				PRODUCT_BUNDLE_IDENTIFIER = com.ht.haoQuanLianMengUITests;
				PRODUCT_NAME = "$(TARGET_NAME)";
				TARGETED_DEVICE_FAMILY = "1,2";
				TEST_TARGET_NAME = haoQuanLianMeng;
			};
			name = Release;
		};
/* End XCBuildConfiguration section */

/* Begin XCConfigurationList section */
		1205BBE820BBA96600032F3C /* Build configuration list for PBXProject "haoQuanLianMeng" */ = {
			isa = XCConfigurationList;
			buildConfigurations = (
				1205BC1720BBA96A00032F3C /* Debug */,
				1205BC1820BBA96A00032F3C /* Release */,
			);
			defaultConfigurationIsVisible = 0;
			defaultConfigurationName = Release;
		};
		1205BC1920BBA96A00032F3C /* Build configuration list for PBXNativeTarget "haoQuanLianMeng" */ = {
			isa = XCConfigurationList;
			buildConfigurations = (
				1205BC1A20BBA96A00032F3C /* Debug */,
				1205BC1B20BBA96A00032F3C /* Release */,
			);
			defaultConfigurationIsVisible = 0;
			defaultConfigurationName = Release;
		};
		1205BC1C20BBA96A00032F3C /* Build configuration list for PBXNativeTarget "haoQuanLianMengTests" */ = {
			isa = XCConfigurationList;
			buildConfigurations = (
				1205BC1D20BBA96A00032F3C /* Debug */,
				1205BC1E20BBA96A00032F3C /* Release */,
			);
			defaultConfigurationIsVisible = 0;
			defaultConfigurationName = Release;
		};
		1205BC1F20BBA96A00032F3C /* Build configuration list for PBXNativeTarget "haoQuanLianMengUITests" */ = {
			isa = XCConfigurationList;
			buildConfigurations = (
				1205BC2020BBA96A00032F3C /* Debug */,
				1205BC2120BBA96A00032F3C /* Release */,
			);
			defaultConfigurationIsVisible = 0;
			defaultConfigurationName = Release;
		};
/* End XCConfigurationList section */
	};
	rootObject = 1205BBE520BBA96600032F3C /* Project object */;
}
